PODS:
  - LoremIpsum (1.0.0)
  - SlackTextViewController (1.9.5)

DEPENDENCIES:
  - LoremIpsum (~> 1.0)
  - SlackTextViewController (from `../SlackTextViewController.podspec`)

SPEC REPOS:
  https://github.com/CocoaPods/Specs.git:
    - LoremIpsum

EXTERNAL SOURCES:
  SlackTextViewController:
    :path: "../SlackTextViewController.podspec"

SPEC CHECKSUMS:
  LoremIpsum: 9029c55d36501b2ee0b05cc9ecda11d3a0479160
  SlackTextViewController: 2ccd97c2a3dc202f3ec82c54934fbf3cd1da2a72

PODFILE CHECKSUM: a21f7e504bf3cad1c3fff94f2889205bc045eede

COCOAPODS: 1.5.0
